
Microsoft Visual Studio Solution File, Format Version 12.00
# Visual Studio Version 16
VisualStudioVersion = 25.0.1705.6
MinimumVisualStudioVersion = 10.0.40219.1
Project("{FAE04EC0-301F-11D3-BF4B-00C04F79EFBC}") = "T9", "T9\T9.csproj", "{82AD4A72-81CD-4999-92B9-C5AE0D80F33E}"
EndProject
Global
	GlobalSection(SolutionConfigurationPlatforms) = preSolution
		Debug|Any CPU = Debug|Any CPU
		Release|Any CPU = Release|Any CPU
	EndGlobalSection
	GlobalSection(ProjectConfigurationPlatforms) = postSolution
		{82AD4A72-81CD-4999-92B9-C5AE0D80F33E}.Debug|Any CPU.ActiveCfg = Debug|Any CPU
		{82AD4A72-81CD-4999-92B9-C5AE0D80F33E}.Debug|Any CPU.Build.0 = Debug|Any CPU
		{82AD4A72-81CD-4999-92B9-C5AE0D80F33E}.Release|Any CPU.ActiveCfg = Release|Any CPU
		{82AD4A72-81CD-4999-92B9-C5AE0D80F33E}.Release|Any CPU.Build.0 = Release|Any CPU
	EndGlobalSection
	GlobalSection(SolutionProperties) = preSolution
		HideSolutionNode = FALSE
	EndGlobalSection
	GlobalSection(ExtensibilityGlobals) = postSolution
		SolutionGuid = {39B3DA9C-C780-4B4C-9E86-7D52AA50B29D}
	EndGlobalSection
EndGlobal
